
Microsoft Visual Studio Solution File, Format Version 12.00
# Visual Studio Version 17
VisualStudioVersion = 17.11.35208.52
MinimumVisualStudioVersion = 10.0.40219.1
Project("{9A19103F-16F7-4668-BE54-9A1E7A4F7556}") = "Jellyfin.Plugin.MyAnimeList", "Jellyfin.Plugin.MyAnimeList\Jellyfin.Plugin.MyAnimeList.csproj", "{D0C0C5C6-96A2-4027-B299-5D881568F908}"
EndProject
Project("{9A19103F-16F7-4668-BE54-9A1E7A4F7556}") = "AnitomySharp", "..\AnitomySharp\AnitomySharp\AnitomySharp.csproj", "{E508F16E-DFE5-4F7F-9AE6-5CC183F4F542}"
EndProject
Project("{9A19103F-16F7-4668-BE54-9A1E7A4F7556}") = "JikanDotNet", "..\jikan.net-master\JikanDotNet\JikanDotNet.csproj", "{8D010106-03E4-4D7A-AFE8-11B9D775E997}"
EndProject
Global
	GlobalSection(SolutionConfigurationPlatforms) = preSolution
		Debug|Any CPU = Debug|Any CPU
		Debug|x64 = Debug|x64
		Release|Any CPU = Release|Any CPU
		Release|x64 = Release|x64
	EndGlobalSection
	GlobalSection(ProjectConfigurationPlatforms) = postSolution
		{D0C0C5C6-96A2-4027-B299-5D881568F908}.Debug|Any CPU.ActiveCfg = Debug|Any CPU
		{D0C0C5C6-96A2-4027-B299-5D881568F908}.Debug|Any CPU.Build.0 = Debug|Any CPU
		{D0C0C5C6-96A2-4027-B299-5D881568F908}.Debug|x64.ActiveCfg = Debug|Any CPU
		{D0C0C5C6-96A2-4027-B299-5D881568F908}.Debug|x64.Build.0 = Debug|Any CPU
		{D0C0C5C6-96A2-4027-B299-5D881568F908}.Release|Any CPU.ActiveCfg = Release|Any CPU
		{D0C0C5C6-96A2-4027-B299-5D881568F908}.Release|Any CPU.Build.0 = Release|Any CPU
		{D0C0C5C6-96A2-4027-B299-5D881568F908}.Release|x64.ActiveCfg = Release|Any CPU
		{D0C0C5C6-96A2-4027-B299-5D881568F908}.Release|x64.Build.0 = Release|Any CPU
		{E508F16E-DFE5-4F7F-9AE6-5CC183F4F542}.Debug|Any CPU.ActiveCfg = Debug|Any CPU
		{E508F16E-DFE5-4F7F-9AE6-5CC183F4F542}.Debug|Any CPU.Build.0 = Debug|Any CPU
		{E508F16E-DFE5-4F7F-9AE6-5CC183F4F542}.Debug|x64.ActiveCfg = Debug|Any CPU
		{E508F16E-DFE5-4F7F-9AE6-5CC183F4F542}.Debug|x64.Build.0 = Debug|Any CPU
		{E508F16E-DFE5-4F7F-9AE6-5CC183F4F542}.Release|Any CPU.ActiveCfg = Release|Any CPU
		{E508F16E-DFE5-4F7F-9AE6-5CC183F4F542}.Release|Any CPU.Build.0 = Release|Any CPU
		{E508F16E-DFE5-4F7F-9AE6-5CC183F4F542}.Release|x64.ActiveCfg = Release|Any CPU
		{E508F16E-DFE5-4F7F-9AE6-5CC183F4F542}.Release|x64.Build.0 = Release|Any CPU
		{8D010106-03E4-4D7A-AFE8-11B9D775E997}.Debug|Any CPU.ActiveCfg = Debug|Any CPU
		{8D010106-03E4-4D7A-AFE8-11B9D775E997}.Debug|Any CPU.Build.0 = Debug|Any CPU
		{8D010106-03E4-4D7A-AFE8-11B9D775E997}.Debug|x64.ActiveCfg = Debug|Any CPU
		{8D010106-03E4-4D7A-AFE8-11B9D775E997}.Debug|x64.Build.0 = Debug|Any CPU
		{8D010106-03E4-4D7A-AFE8-11B9D775E997}.Release|Any CPU.ActiveCfg = Release|Any CPU
		{8D010106-03E4-4D7A-AFE8-11B9D775E997}.Release|Any CPU.Build.0 = Release|Any CPU
		{8D010106-03E4-4D7A-AFE8-11B9D775E997}.Release|x64.ActiveCfg = Release|Any CPU
		{8D010106-03E4-4D7A-AFE8-11B9D775E997}.Release|x64.Build.0 = Release|Any CPU
	EndGlobalSection
	GlobalSection(SolutionProperties) = preSolution
		HideSolutionNode = FALSE
	EndGlobalSection
	GlobalSection(ExtensibilityGlobals) = postSolution
		SolutionGuid = {0DCE7939-D75F-406C-8E3A-C3648C2A1262}
	EndGlobalSection
EndGlobal
